// !$*UTF8*$!
{
	archiveVersion = 1;
	classes = {
	};
	objectVersion = 46;
	objects = {

/* Begin PBXBuildFile section */
		5ED061721BFFEF42004B1BFF /* AppDelegate.swift in Sources */ = {isa = PBXBuildFile; fileRef = 5ED061711BFFEF42004B1BFF /* AppDelegate.swift */; };
		5ED061741BFFEF42004B1BFF /* ViewController.swift in Sources */ = {isa = PBXBuildFile; fileRef = 5ED061731BFFEF42004B1BFF /* ViewController.swift */; };
		5ED061771BFFEF42004B1BFF /* Main.storyboard in Resources */ = {isa = PBXBuildFile; fileRef = 5ED061751BFFEF42004B1BFF /* Main.storyboard */; };
		5ED061791BFFEF42004B1BFF /* Assets.xcassets in Resources */ = {isa = PBXBuildFile; fileRef = 5ED061781BFFEF42004B1BFF /* Assets.xcassets */; };
		5ED0617C1BFFEF42004B1BFF /* LaunchScreen.storyboard in Resources */ = {isa = PBXBuildFile; fileRef = 5ED0617A1BFFEF42004B1BFF /* LaunchScreen.storyboard */; };
/* End PBXBuildFile section */

/* Begin PBXFileReference section */
		5ED0616E1BFFEF42004B1BFF /* QuickConvert.app */ = {isa = PBXFileReference; explicitFileType = wrapper.application; includeInIndex = 0; path = QuickConvert.app; sourceTree = BUILT_PRODUCTS_DIR; };
		5ED061711BFFEF42004B1BFF /* AppDelegate.swift */ = {isa = PBXFileReference; lastKnownFileType = sourcecode.swift; path = AppDelegate.swift; sourceTree = "<group>"; };
		5ED061731BFFEF42004B1BFF /* ViewController.swift */ = {isa = PBXFileReference; lastKnownFileType = sourcecode.swift; path = ViewController.swift; sourceTree = "<group>"; };
		5ED061761BFFEF42004B1BFF /* Base */ = {isa = PBXFileReference; lastKnownFileType = file.storyboard; name = Base; path = Base.lproj/Main.storyboard; sourceTree = "<group>"; };
		5ED061781BFFEF42004B1BFF /* Assets.xcassets */ = {isa = PBXFileReference; lastKnownFileType = folder.assetcatalog; path = Assets.xcassets; sourceTree = "<group>"; };
		5ED0617B1BFFEF42004B1BFF /* Base */ = {isa = PBXFileReference; lastKnownFileType = file.storyboard; name = Base; path = Base.lproj/LaunchScreen.storyboard; sourceTree = "<group>"; };
		5ED0617D1BFFEF42004B1BFF /* Info.plist */ = {isa = PBXFileReference; lastKnownFileType = text.plist.xml; path = Info.plist; sourceTree = "<group>"; };
/* End PBXFileReference section */

/* Begin PBXFrameworksBuildPhase section */
		5ED0616B1BFFEF42004B1BFF /* Frameworks */ = {
			isa = PBXFrameworksBuildPhase;
			buildActionMask = 2147483647;
			files = (
			);
			runOnlyForDeploymentPostprocessing = 0;
		};
/* End PBXFrameworksBuildPhase section */

/* Begin PBXGroup section */
		5ED061651BFFEF42004B1BFF = {
			isa = PBXGroup;
			children = (
				5ED061701BFFEF42004B1BFF /* QuickConvert */,
				5ED0616F1BFFEF42004B1BFF /* Products */,
			);
			sourceTree = "<group>";
		};
		5ED0616F1BFFEF42004B1BFF /* Products */ = {
			isa = PBXGroup;
			children = (
				5ED0616E1BFFEF42004B1BFF /* QuickConvert.app */,
			);
			name = Products;
			sourceTree = "<group>";
		};
		5ED061701BFFEF42004B1BFF /* QuickConvert */ = {
			isa = PBXGroup;
			children = (
				5ED061711BFFEF42004B1BFF /* AppDelegate.swift */,
				5ED061731BFFEF42004B1BFF /* ViewController.swift */,
				5ED061751BFFEF42004B1BFF /* Main.storyboard */,
				5ED061781BFFEF42004B1BFF /* Assets.xcassets */,
				5ED0617A1BFFEF42004B1BFF /* LaunchScreen.storyboard */,
				5ED0617D1BFFEF42004B1BFF /* Info.plist */,
			);
			path = QuickConvert;
			sourceTree = "<group>";
		};
/* End PBXGroup section */

/* Begin PBXNativeTarget section */
		5ED0616D1BFFEF42004B1BFF /* QuickConvert */ = {
			isa = PBXNativeTarget;
			buildConfigurationList = 5ED061801BFFEF42004B1BFF /* Build configuration list for PBXNativeTarget "QuickConvert" */;
			buildPhases = (
				5ED0616A1BFFEF42004B1BFF /* Sources */,
				5ED0616B1BFFEF42004B1BFF /* Frameworks */,
				5ED0616C1BFFEF42004B1BFF /* Resources */,
			);
			buildRules = (
			);
			dependencies = (
			);
			name = QuickConvert;
			productName = QuickConvert;
			productReference = 5ED0616E1BFFEF42004B1BFF /* QuickConvert.app */;
			productType = "com.apple.product-type.application";
		};
/* End PBXNativeTarget section */

/* Begin PBXProject section */
		5ED061661BFFEF42004B1BFF /* Project object */ = {
			isa = PBXProject;
			attributes = {
				LastSwiftUpdateCheck = 0710;
				LastUpgradeCheck = 0710;
				ORGANIZATIONNAME = "Utkarsh Lamba";
				TargetAttributes = {
					5ED0616D1BFFEF42004B1BFF = {
						CreatedOnToolsVersion = 7.1;
						DevelopmentTeam = 2GFEQAX8X4;
					};
				};
			};
			buildConfigurationList = 5ED061691BFFEF42004B1BFF /* Build configuration list for PBXProject "QuickConvert" */;
			compatibilityVersion = "Xcode 3.2";
			developmentRegion = English;
			hasScannedForEncodings = 0;
			knownRegions = (
				en,
				Base,
			);
			mainGroup = 5ED061651BFFEF42004B1BFF;
			productRefGroup = 5ED0616F1BFFEF42004B1BFF /* Products */;
			projectDirPath = "";
			projectRoot = "";
			targets = (
				5ED0616D1BFFEF42004B1BFF /* QuickConvert */,
			);
		};
/* End PBXProject section */

/* Begin PBXResourcesBuildPhase section */
		5ED0616C1BFFEF42004B1BFF /* Resources */ = {
			isa = PBXResourcesBuildPhase;
			buildActionMask = 2147483647;
			files = (
				5ED0617C1BFFEF42004B1BFF /* LaunchScreen.storyboard in Resources */,
				5ED061791BFFEF42004B1BFF /* Assets.xcassets in Resources */,
				5ED061771BFFEF42004B1BFF /* Main.storyboard in Resources */,
			);
			runOnlyForDeploymentPostprocessing = 0;
		};
/* End PBXResourcesBuildPhase section */

/* Begin PBXSourcesBuildPhase section */
		5ED0616A1BFFEF42004B1BFF /* Sources */ = {
			isa = PBXSourcesBuildPhase;
			buildActionMask = 2147483647;
			files = (
				5ED061741BFFEF42004B1BFF /* ViewController.swift in Sources */,
				5ED061721BFFEF42004B1BFF /* AppDelegate.swift in Sources */,
			);
			runOnlyForDeploymentPostprocessing = 0;
		};
/* End PBXSourcesBuildPhase section */

/* Begin PBXVariantGroup section */
		5ED061751BFFEF42004B1BFF /* Main.storyboard */ = {
			isa = PBXVariantGroup;
			children = (
				5ED061761BFFEF42004B1BFF /* Base */,
			);
			name = Main.storyboard;
			sourceTree = "<group>";
		};
		5ED0617A1BFFEF42004B1BFF /* LaunchScreen.storyboard */ = {
			isa = PBXVariantGroup;
			children = (
				5ED0617B1BFFEF42004B1BFF /* Base */,
			);
			name = LaunchScreen.storyboard;
			sourceTree = "<group>";
		};
/* End PBXVariantGroup section */

/* Begin XCBuildConfiguration section */
		5ED0617E1BFFEF42004B1BFF /* Debug */ = {
			isa = XCBuildConfiguration;
			buildSettings = {
				ALWAYS_SEARCH_USER_PATHS = NO;
				CLANG_CXX_LANGUAGE_STANDARD = "gnu++0x";
				CLANG_CXX_LIBRARY = "libc++";
				CLANG_ENABLE_MODULES = YES;
				CLANG_ENABLE_OBJC_ARC = YES;
				CLANG_WARN_BOOL_CONVERSION = YES;
				CLANG_WARN_CONSTANT_CONVERSION = YES;
				CLANG_WARN_DIRECT_OBJC_ISA_USAGE = YES_ERROR;
				CLANG_WARN_EMPTY_BODY = YES;
				CLANG_WARN_ENUM_CONVERSION = YES;
				CLANG_WARN_INT_CONVERSION = YES;
				CLANG_WARN_OBJC_ROOT_CLASS = YES_ERROR;
				CLANG_WARN_UNREACHABLE_CODE = YES;
				CLANG_WARN__DUPLICATE_METHOD_MATCH = YES;
				"CODE_SIGN_IDENTITY[sdk=iphoneos*]" = "iPhone Developer";
				COPY_PHASE_STRIP = NO;
				DEBUG_INFORMATION_FORMAT = dwarf;
				ENABLE_STRICT_OBJC_MSGSEND = YES;
				ENABLE_TESTABILITY = YES;
				GCC_C_LANGUAGE_STANDARD = gnu99;
				GCC_DYNAMIC_NO_PIC = NO;
				GCC_NO_COMMON_BLOCKS = YES;
				GCC_OPTIMIZATION_LEVEL = 0;
				GCC_PREPROCESSOR_DEFINITIONS = (
					"DEBUG=1",
					"$(inherited)",
				);
				GCC_WARN_64_TO_32_BIT_CONVERSION = YES;
				GCC_WARN_ABOUT_RETURN_TYPE = YES_ERROR;
				GCC_WARN_UNDECLARED_SELECTOR = YES;
				GCC_WARN_UNINITIALIZED_AUTOS = YES_AGGRESSIVE;
				GCC_WARN_UNUSED_FUNCTION = YES;
				GCC_WARN_UNUSED_VARIABLE = YES;
				IPHONEOS_DEPLOYMENT_TARGET = 9.1;
				MTL_ENABLE_DEBUG_INFO = YES;
				ONLY_ACTIVE_ARCH = YES;
				SDKROOT = iphoneos;
				SWIFT_OPTIMIZATION_LEVEL = "-Onone";
			};
			name = Debug;
		};
		5ED0617F1BFFEF42004B1BFF /* Release */ = {
			isa = XCBuildConfiguration;
			buildSettings = {
				ALWAYS_SEARCH_USER_PATHS = NO;
				CLANG_CXX_LANGUAGE_STANDARD = "gnu++0x";
				CLANG_CXX_LIBRARY = "libc++";
				CLANG_ENABLE_MODULES = YES;
				CLANG_ENABLE_OBJC_ARC = YES;
				CLANG_WARN_BOOL_CONVERSION = YES;
				CLANG_WARN_CONSTANT_CONVERSION = YES;
				CLANG_WARN_DIRECT_OBJC_ISA_USAGE = YES_ERROR;
				CLANG_WARN_EMPTY_BODY = YES;
				CLANG_WARN_ENUM_CONVERSION = YES;
				CLANG_WARN_INT_CONVERSION = YES;
				CLANG_WARN_OBJC_ROOT_CLASS = YES_ERROR;
				CLANG_WARN_UNREACHABLE_CODE = YES;
				CLANG_WARN__DUPLICATE_METHOD_MATCH = YES;
				"CODE_SIGN_IDENTITY[sdk=iphoneos*]" = "iPhone Developer";
				COPY_PHASE_STRIP = NO;
				DEBUG_INFORMATION_FORMAT = "dwarf-with-dsym";
				ENABLE_NS_ASSERTIONS = NO;
				ENABLE_STRICT_OBJC_MSGSEND = YES;
				GCC_C_LANGUAGE_STANDARD = gnu99;
				GCC_NO_COMMON_BLOCKS = YES;
				GCC_WARN_64_TO_32_BIT_CONVERSION = YES;
				GCC_WARN_ABOUT_RETURN_TYPE = YES_ERROR;
				GCC_WARN_UNDECLARED_SELECTOR = YES;
				GCC_WARN_UNINITIALIZED_AUTOS = YES_AGGRESSIVE;
				GCC_WARN_UNUSED_FUNCTION = YES;
				GCC_WARN_UNUSED_VARIABLE = YES;
				IPHONEOS_DEPLOYMENT_TARGET = 9.1;
				MTL_ENABLE_DEBUG_INFO = NO;
				SDKROOT = iphoneos;
				VALIDATE_PRODUCT = YES;
			};
			name = Release;
		};
		5ED061811BFFEF42004B1BFF /* Debug */ = {
			isa = XCBuildConfiguration;
			buildSettings = {
				ASSETCATALOG_COMPILER_APPICON_NAME = AppIcon;
				INFOPLIST_FILE = QuickConvert/Info.plist;
				LD_RUNPATH_SEARCH_PATHS = "$(inherited) @executable_path/Frameworks";
				PRODUCT_BUNDLE_IDENTIFIER = com.utk.QuickConvert;
				PRODUCT_NAME = "$(TARGET_NAME)";
			};
			name = Debug;
		};
		5ED061821BFFEF42004B1BFF /* Release */ = {
			isa = XCBuildConfiguration;
			buildSettings = {
				ASSETCATALOG_COMPILER_APPICON_NAME = AppIcon;
				INFOPLIST_FILE = QuickConvert/Info.plist;
				LD_RUNPATH_SEARCH_PATHS = "$(inherited) @executable_path/Frameworks";
				PRODUCT_BUNDLE_IDENTIFIER = com.utk.QuickConvert;
				PRODUCT_NAME = "$(TARGET_NAME)";
			};
			name = Release;
		};
/* End XCBuildConfiguration section */

/* Begin XCConfigurationList section */
		5ED061691BFFEF42004B1BFF /* Build configuration list for PBXProject "QuickConvert" */ = {
			isa = XCConfigurationList;
			buildConfigurations = (
				5ED0617E1BFFEF42004B1BFF /* Debug */,
				5ED0617F1BFFEF42004B1BFF /* Release */,
			);
			defaultConfigurationIsVisible = 0;
			defaultConfigurationName = Release;
		};
		5ED061801BFFEF42004B1BFF /* Build configuration list for PBXNativeTarget "QuickConvert" */ = {
			isa = XCConfigurationList;
			buildConfigurations = (
				5ED061811BFFEF42004B1BFF /* Debug */,
				5ED061821BFFEF42004B1BFF /* Release */,
			);
			defaultConfigurationIsVisible = 0;
		};
/* End XCConfigurationList section */
	};
	rootObject = 5ED061661BFFEF42004B1BFF /* Project object */;
}
